
Microsoft Visual Studio Solution File, Format Version 12.00
# Visual Studio Version 17
VisualStudioVersion = 17.10.35013.160
MinimumVisualStudioVersion = 10.0.40219.1
Project("{FAE04EC0-301F-11D3-BF4B-00C04F79EFBC}") = "RoomingBookApp.Core.Tests", "RoomingBookApp.Core.Tests\RoomingBookApp.Core.Tests.csproj", "{83E856C5-6427-4153-A6FE-41FCB4850A80}"
EndProject
Project("{FAE04EC0-301F-11D3-BF4B-00C04F79EFBC}") = "RoomBookingApp.Core", "RoomBookingApp.Core\RoomBookingApp.Core.csproj", "{20E385E0-C829-43B8-AB35-19D45DC99024}"
EndProject
Project("{FAE04EC0-301F-11D3-BF4B-00C04F79EFBC}") = "RoomBookingApp.Domain", "RoomBookingApp.Domain\RoomBookingApp.Domain.csproj", "{A602553E-5822-4D26-A3A6-8679BCCF096B}"
EndProject
Project("{FAE04EC0-301F-11D3-BF4B-00C04F79EFBC}") = "RoomBookingApp.Persistence", "RoomBookingApp.Persistence\RoomBookingApp.Persistence.csproj", "{81B3FC2F-A18A-4B99-8AB8-36BFDB106B56}"
EndProject
Project("{FAE04EC0-301F-11D3-BF4B-00C04F79EFBC}") = "RoomBookingApp.Persistence.Tests", "RoomBookingApp.Persistence.Tests\RoomBookingApp.Persistence.Tests.csproj", "{9AA9571E-4C29-4061-94A6-9E6E126AA27C}"
EndProject
Project("{FAE04EC0-301F-11D3-BF4B-00C04F79EFBC}") = "RoomBookingApp.Api", "RoomBookingApp.Api\RoomBookingApp.Api.csproj", "{55788F2A-4249-4F20-A25B-CEAFE74CD01A}"
EndProject
Project("{FAE04EC0-301F-11D3-BF4B-00C04F79EFBC}") = "RoomBookingApp.Api.Test", "RoomBookingApp.Api.Test\RoomBookingApp.Api.Test.csproj", "{073C9D66-138F-44F3-85C4-4F3B174F79D1}"
EndProject
Global
	GlobalSection(SolutionConfigurationPlatforms) = preSolution
		Debug|Any CPU = Debug|Any CPU
		Release|Any CPU = Release|Any CPU
	EndGlobalSection
	GlobalSection(ProjectConfigurationPlatforms) = postSolution
		{83E856C5-6427-4153-A6FE-41FCB4850A80}.Debug|Any CPU.ActiveCfg = Debug|Any CPU
		{83E856C5-6427-4153-A6FE-41FCB4850A80}.Debug|Any CPU.Build.0 = Debug|Any CPU
		{83E856C5-6427-4153-A6FE-41FCB4850A80}.Release|Any CPU.ActiveCfg = Release|Any CPU
		{83E856C5-6427-4153-A6FE-41FCB4850A80}.Release|Any CPU.Build.0 = Release|Any CPU
		{20E385E0-C829-43B8-AB35-19D45DC99024}.Debug|Any CPU.ActiveCfg = Debug|Any CPU
		{20E385E0-C829-43B8-AB35-19D45DC99024}.Debug|Any CPU.Build.0 = Debug|Any CPU
		{20E385E0-C829-43B8-AB35-19D45DC99024}.Release|Any CPU.ActiveCfg = Release|Any CPU
		{20E385E0-C829-43B8-AB35-19D45DC99024}.Release|Any CPU.Build.0 = Release|Any CPU
		{A602553E-5822-4D26-A3A6-8679BCCF096B}.Debug|Any CPU.ActiveCfg = Debug|Any CPU
		{A602553E-5822-4D26-A3A6-8679BCCF096B}.Debug|Any CPU.Build.0 = Debug|Any CPU
		{A602553E-5822-4D26-A3A6-8679BCCF096B}.Release|Any CPU.ActiveCfg = Release|Any CPU
		{A602553E-5822-4D26-A3A6-8679BCCF096B}.Release|Any CPU.Build.0 = Release|Any CPU
		{81B3FC2F-A18A-4B99-8AB8-36BFDB106B56}.Debug|Any CPU.ActiveCfg = Debug|Any CPU
		{81B3FC2F-A18A-4B99-8AB8-36BFDB106B56}.Debug|Any CPU.Build.0 = Debug|Any CPU
		{81B3FC2F-A18A-4B99-8AB8-36BFDB106B56}.Release|Any CPU.ActiveCfg = Release|Any CPU
		{81B3FC2F-A18A-4B99-8AB8-36BFDB106B56}.Release|Any CPU.Build.0 = Release|Any CPU
		{9AA9571E-4C29-4061-94A6-9E6E126AA27C}.Debug|Any CPU.ActiveCfg = Debug|Any CPU
		{9AA9571E-4C29-4061-94A6-9E6E126AA27C}.Debug|Any CPU.Build.0 = Debug|Any CPU
		{9AA9571E-4C29-4061-94A6-9E6E126AA27C}.Release|Any CPU.ActiveCfg = Release|Any CPU
		{9AA9571E-4C29-4061-94A6-9E6E126AA27C}.Release|Any CPU.Build.0 = Release|Any CPU
		{55788F2A-4249-4F20-A25B-CEAFE74CD01A}.Debug|Any CPU.ActiveCfg = Debug|Any CPU
		{55788F2A-4249-4F20-A25B-CEAFE74CD01A}.Debug|Any CPU.Build.0 = Debug|Any CPU
		{55788F2A-4249-4F20-A25B-CEAFE74CD01A}.Release|Any CPU.ActiveCfg = Release|Any CPU
		{55788F2A-4249-4F20-A25B-CEAFE74CD01A}.Release|Any CPU.Build.0 = Release|Any CPU
		{073C9D66-138F-44F3-85C4-4F3B174F79D1}.Debug|Any CPU.ActiveCfg = Debug|Any CPU
		{073C9D66-138F-44F3-85C4-4F3B174F79D1}.Debug|Any CPU.Build.0 = Debug|Any CPU
		{073C9D66-138F-44F3-85C4-4F3B174F79D1}.Release|Any CPU.ActiveCfg = Release|Any CPU
		{073C9D66-138F-44F3-85C4-4F3B174F79D1}.Release|Any CPU.Build.0 = Release|Any CPU
	EndGlobalSection
	GlobalSection(SolutionProperties) = preSolution
		HideSolutionNode = FALSE
	EndGlobalSection
	GlobalSection(ExtensibilityGlobals) = postSolution
		SolutionGuid = {438A19EC-40BF-433F-8D75-48C3583AFE74}
	EndGlobalSection
EndGlobal
